
Microsoft Visual Studio Solution File, Format Version 12.00
# Visual Studio Version 17
VisualStudioVersion = 17.2.32210.308
MinimumVisualStudioVersion = 10.0.40219.1
Project("{FAE04EC0-301F-11D3-BF4B-00C04F79EFBC}") = "fake-api", "fake-api\fake-api.csproj", "{92640BB8-2BED-4D45-BD4B-B719BDB0C04A}"
EndProject
Global
	GlobalSection(SolutionConfigurationPlatforms) = preSolution
		Debug|Any CPU = Debug|Any CPU
		Release|Any CPU = Release|Any CPU
	EndGlobalSection
	GlobalSection(ProjectConfigurationPlatforms) = postSolution
		{92640BB8-2BED-4D45-BD4B-B719BDB0C04A}.Debug|Any CPU.ActiveCfg = Debug|Any CPU
		{92640BB8-2BED-4D45-BD4B-B719BDB0C04A}.Debug|Any CPU.Build.0 = Debug|Any CPU
		{92640BB8-2BED-4D45-BD4B-B719BDB0C04A}.Release|Any CPU.ActiveCfg = Release|Any CPU
		{92640BB8-2BED-4D45-BD4B-B719BDB0C04A}.Release|Any CPU.Build.0 = Release|Any CPU
	EndGlobalSection
	GlobalSection(SolutionProperties) = preSolution
		HideSolutionNode = FALSE
	EndGlobalSection
	GlobalSection(ExtensibilityGlobals) = postSolution
		SolutionGuid = {7109209F-B91F-4D00-B85E-384F86B2787C}
	EndGlobalSection
EndGlobal
